// !$*UTF8*$!
{
	archiveVersion = 1;
	classes = {
	};
	objectVersion = 56;
	objects = {

/* Begin PBXBuildFile section */
		040F063F2C4EB2800065AF22 /* SplitNTrackApp.swift in Sources */ = {isa = PBXBuildFile; fileRef = 040F063E2C4EB2800065AF22 /* SplitNTrackApp.swift */; };
		040F06412C4EB2800065AF22 /* ContentView.swift in Sources */ = {isa = PBXBuildFile; fileRef = 040F06402C4EB2800065AF22 /* ContentView.swift */; };
		040F06432C4EB2820065AF22 /* Assets.xcassets in Resources */ = {isa = PBXBuildFile; fileRef = 040F06422C4EB2820065AF22 /* Assets.xcassets */; };
		040F06462C4EB2820065AF22 /* Preview Assets.xcassets in Resources */ = {isa = PBXBuildFile; fileRef = 040F06452C4EB2820065AF22 /* Preview Assets.xcassets */; };
		040F06502C4EB2EF0065AF22 /* HomeView.swift in Sources */ = {isa = PBXBuildFile; fileRef = 040F064F2C4EB2EF0065AF22 /* HomeView.swift */; };
		040F06522C4EB3110065AF22 /* AddExpenseView.swift in Sources */ = {isa = PBXBuildFile; fileRef = 040F06512C4EB3110065AF22 /* AddExpenseView.swift */; };
		040F06542C4EB3200065AF22 /* ViewExpenseView.swift in Sources */ = {isa = PBXBuildFile; fileRef = 040F06532C4EB3200065AF22 /* ViewExpenseView.swift */; };
		040F06562C4EB34E0065AF22 /* EditExpenseView.swift in Sources */ = {isa = PBXBuildFile; fileRef = 040F06552C4EB34E0065AF22 /* EditExpenseView.swift */; };
		040F06582C4EB3980065AF22 /* ExpenseViewModel.swift in Sources */ = {isa = PBXBuildFile; fileRef = 040F06572C4EB3980065AF22 /* ExpenseViewModel.swift */; };
		040F065A2C4EB3AD0065AF22 /* Expense.swift in Sources */ = {isa = PBXBuildFile; fileRef = 040F06592C4EB3AD0065AF22 /* Expense.swift */; };
		040F065D2C4EBFA40065AF22 /* Users.json in Resources */ = {isa = PBXBuildFile; fileRef = 040F065C2C4EBFA40065AF22 /* Users.json */; };
		040F06612C539A430065AF22 /* User.swift in Sources */ = {isa = PBXBuildFile; fileRef = 040F06602C539A430065AF22 /* User.swift */; };
		040F06632C539A4F0065AF22 /* Category.swift in Sources */ = {isa = PBXBuildFile; fileRef = 040F06622C539A4F0065AF22 /* Category.swift */; };
		040F06652C539A640065AF22 /* UserViewModel.swift in Sources */ = {isa = PBXBuildFile; fileRef = 040F06642C539A640065AF22 /* UserViewModel.swift */; };
		040F06672C539A710065AF22 /* CategoryViewModel.swift in Sources */ = {isa = PBXBuildFile; fileRef = 040F06662C539A710065AF22 /* CategoryViewModel.swift */; };
		040F06692C539AA30065AF22 /* CategoryView.swift in Sources */ = {isa = PBXBuildFile; fileRef = 040F06682C539AA30065AF22 /* CategoryView.swift */; };
		040F066B2C539AB80065AF22 /* ExportExpenseView.swift in Sources */ = {isa = PBXBuildFile; fileRef = 040F066A2C539AB80065AF22 /* ExportExpenseView.swift */; };
		040F066D2C539AC50065AF22 /* FriendsView.swift in Sources */ = {isa = PBXBuildFile; fileRef = 040F066C2C539AC50065AF22 /* FriendsView.swift */; };
		040F066F2C539ACE0065AF22 /* ProfileView.swift in Sources */ = {isa = PBXBuildFile; fileRef = 040F066E2C539ACE0065AF22 /* ProfileView.swift */; };
/* End PBXBuildFile section */

/* Begin PBXFileReference section */
		040F063B2C4EB2800065AF22 /* SplitNTrack.app */ = {isa = PBXFileReference; explicitFileType = wrapper.application; includeInIndex = 0; path = SplitNTrack.app; sourceTree = BUILT_PRODUCTS_DIR; };
		040F063E2C4EB2800065AF22 /* SplitNTrackApp.swift */ = {isa = PBXFileReference; lastKnownFileType = sourcecode.swift; path = SplitNTrackApp.swift; sourceTree = "<group>"; };
		040F06402C4EB2800065AF22 /* ContentView.swift */ = {isa = PBXFileReference; lastKnownFileType = sourcecode.swift; path = ContentView.swift; sourceTree = "<group>"; };
		040F06422C4EB2820065AF22 /* Assets.xcassets */ = {isa = PBXFileReference; lastKnownFileType = folder.assetcatalog; path = Assets.xcassets; sourceTree = "<group>"; };
		040F06452C4EB2820065AF22 /* Preview Assets.xcassets */ = {isa = PBXFileReference; lastKnownFileType = folder.assetcatalog; path = "Preview Assets.xcassets"; sourceTree = "<group>"; };
		040F064F2C4EB2EF0065AF22 /* HomeView.swift */ = {isa = PBXFileReference; lastKnownFileType = sourcecode.swift; path = HomeView.swift; sourceTree = "<group>"; };
		040F06512C4EB3110065AF22 /* AddExpenseView.swift */ = {isa = PBXFileReference; lastKnownFileType = sourcecode.swift; path = AddExpenseView.swift; sourceTree = "<group>"; };
		040F06532C4EB3200065AF22 /* ViewExpenseView.swift */ = {isa = PBXFileReference; lastKnownFileType = sourcecode.swift; path = ViewExpenseView.swift; sourceTree = "<group>"; };
		040F06552C4EB34E0065AF22 /* EditExpenseView.swift */ = {isa = PBXFileReference; lastKnownFileType = sourcecode.swift; path = EditExpenseView.swift; sourceTree = "<group>"; };
		040F06572C4EB3980065AF22 /* ExpenseViewModel.swift */ = {isa = PBXFileReference; lastKnownFileType = sourcecode.swift; path = ExpenseViewModel.swift; sourceTree = "<group>"; };
		040F06592C4EB3AD0065AF22 /* Expense.swift */ = {isa = PBXFileReference; lastKnownFileType = sourcecode.swift; path = Expense.swift; sourceTree = "<group>"; };
		040F065C2C4EBFA40065AF22 /* Users.json */ = {isa = PBXFileReference; lastKnownFileType = text.json; path = Users.json; sourceTree = "<group>"; };
		040F065E2C4EBFDE0065AF22 /* Expenses.json */ = {isa = PBXFileReference; lastKnownFileType = text.json; path = Expenses.json; sourceTree = "<group>"; };
		040F065F2C51518E0065AF22 /* Category.json */ = {isa = PBXFileReference; lastKnownFileType = text.json; path = Category.json; sourceTree = "<group>"; };
		040F06602C539A430065AF22 /* User.swift */ = {isa = PBXFileReference; lastKnownFileType = sourcecode.swift; path = User.swift; sourceTree = "<group>"; };
		040F06622C539A4F0065AF22 /* Category.swift */ = {isa = PBXFileReference; lastKnownFileType = sourcecode.swift; path = Category.swift; sourceTree = "<group>"; };
		040F06642C539A640065AF22 /* UserViewModel.swift */ = {isa = PBXFileReference; lastKnownFileType = sourcecode.swift; path = UserViewModel.swift; sourceTree = "<group>"; };
		040F06662C539A710065AF22 /* CategoryViewModel.swift */ = {isa = PBXFileReference; lastKnownFileType = sourcecode.swift; path = CategoryViewModel.swift; sourceTree = "<group>"; };
		040F06682C539AA30065AF22 /* CategoryView.swift */ = {isa = PBXFileReference; lastKnownFileType = sourcecode.swift; path = CategoryView.swift; sourceTree = "<group>"; };
		040F066A2C539AB80065AF22 /* ExportExpenseView.swift */ = {isa = PBXFileReference; lastKnownFileType = sourcecode.swift; path = ExportExpenseView.swift; sourceTree = "<group>"; };
		040F066C2C539AC50065AF22 /* FriendsView.swift */ = {isa = PBXFileReference; lastKnownFileType = sourcecode.swift; path = FriendsView.swift; sourceTree = "<group>"; };
		040F066E2C539ACE0065AF22 /* ProfileView.swift */ = {isa = PBXFileReference; lastKnownFileType = sourcecode.swift; path = ProfileView.swift; sourceTree = "<group>"; };
/* End PBXFileReference section */

/* Begin PBXFrameworksBuildPhase section */
		040F06382C4EB2800065AF22 /* Frameworks */ = {
			isa = PBXFrameworksBuildPhase;
			buildActionMask = 2147483647;
			files = (
			);
			runOnlyForDeploymentPostprocessing = 0;
		};
/* End PBXFrameworksBuildPhase section */

/* Begin PBXGroup section */
		040F06322C4EB2800065AF22 = {
			isa = PBXGroup;
			children = (
				040F063D2C4EB2800065AF22 /* SplitNTrack */,
				040F063C2C4EB2800065AF22 /* Products */,
			);
			sourceTree = "<group>";
		};
		040F063C2C4EB2800065AF22 /* Products */ = {
			isa = PBXGroup;
			children = (
				040F063B2C4EB2800065AF22 /* SplitNTrack.app */,
			);
			name = Products;
			sourceTree = "<group>";
		};
		040F063D2C4EB2800065AF22 /* SplitNTrack */ = {
			isa = PBXGroup;
			children = (
				040F065B2C4EBF6E0065AF22 /* Resources */,
				040F064E2C4EB2BD0065AF22 /* ViewModels */,
				040F064D2C4EB2B50065AF22 /* Views */,
				040F064C2C4EB2AC0065AF22 /* Models */,
				040F063E2C4EB2800065AF22 /* SplitNTrackApp.swift */,
				040F06422C4EB2820065AF22 /* Assets.xcassets */,
				040F06442C4EB2820065AF22 /* Preview Content */,
			);
			path = SplitNTrack;
			sourceTree = "<group>";
		};
		040F06442C4EB2820065AF22 /* Preview Content */ = {
			isa = PBXGroup;
			children = (
				040F06452C4EB2820065AF22 /* Preview Assets.xcassets */,
			);
			path = "Preview Content";
			sourceTree = "<group>";
		};
		040F064C2C4EB2AC0065AF22 /* Models */ = {
			isa = PBXGroup;
			children = (
				040F06592C4EB3AD0065AF22 /* Expense.swift */,
				040F06602C539A430065AF22 /* User.swift */,
				040F06622C539A4F0065AF22 /* Category.swift */,
			);
			path = Models;
			sourceTree = "<group>";
		};
		040F064D2C4EB2B50065AF22 /* Views */ = {
			isa = PBXGroup;
			children = (
				040F06402C4EB2800065AF22 /* ContentView.swift */,
				040F064F2C4EB2EF0065AF22 /* HomeView.swift */,
				040F06512C4EB3110065AF22 /* AddExpenseView.swift */,
				040F06532C4EB3200065AF22 /* ViewExpenseView.swift */,
				040F06552C4EB34E0065AF22 /* EditExpenseView.swift */,
				040F06682C539AA30065AF22 /* CategoryView.swift */,
				040F066A2C539AB80065AF22 /* ExportExpenseView.swift */,
				040F066C2C539AC50065AF22 /* FriendsView.swift */,
				040F066E2C539ACE0065AF22 /* ProfileView.swift */,
			);
			path = Views;
			sourceTree = "<group>";
		};
		040F064E2C4EB2BD0065AF22 /* ViewModels */ = {
			isa = PBXGroup;
			children = (
				040F06572C4EB3980065AF22 /* ExpenseViewModel.swift */,
				040F06642C539A640065AF22 /* UserViewModel.swift */,
				040F06662C539A710065AF22 /* CategoryViewModel.swift */,
			);
			path = ViewModels;
			sourceTree = "<group>";
		};
		040F065B2C4EBF6E0065AF22 /* Resources */ = {
			isa = PBXGroup;
			children = (
				040F065C2C4EBFA40065AF22 /* Users.json */,
				040F065E2C4EBFDE0065AF22 /* Expenses.json */,
				040F065F2C51518E0065AF22 /* Category.json */,
			);
			path = Resources;
			sourceTree = "<group>";
		};
/* End PBXGroup section */

/* Begin PBXNativeTarget section */
		040F063A2C4EB2800065AF22 /* SplitNTrack */ = {
			isa = PBXNativeTarget;
			buildConfigurationList = 040F06492C4EB2820065AF22 /* Build configuration list for PBXNativeTarget "SplitNTrack" */;
			buildPhases = (
				040F06372C4EB2800065AF22 /* Sources */,
				040F06382C4EB2800065AF22 /* Frameworks */,
				040F06392C4EB2800065AF22 /* Resources */,
			);
			buildRules = (
			);
			dependencies = (
			);
			name = SplitNTrack;
			productName = SplitNTrack;
			productReference = 040F063B2C4EB2800065AF22 /* SplitNTrack.app */;
			productType = "com.apple.product-type.application";
		};
/* End PBXNativeTarget section */

/* Begin PBXProject section */
		040F06332C4EB2800065AF22 /* Project object */ = {
			isa = PBXProject;
			attributes = {
				BuildIndependentTargetsInParallel = 1;
				LastSwiftUpdateCheck = 1540;
				LastUpgradeCheck = 1540;
				TargetAttributes = {
					040F063A2C4EB2800065AF22 = {
						CreatedOnToolsVersion = 15.4;
					};
				};
			};
			buildConfigurationList = 040F06362C4EB2800065AF22 /* Build configuration list for PBXProject "SplitNTrack" */;
			compatibilityVersion = "Xcode 14.0";
			developmentRegion = en;
			hasScannedForEncodings = 0;
			knownRegions = (
				en,
				Base,
			);
			mainGroup = 040F06322C4EB2800065AF22;
			productRefGroup = 040F063C2C4EB2800065AF22 /* Products */;
			projectDirPath = "";
			projectRoot = "";
			targets = (
				040F063A2C4EB2800065AF22 /* SplitNTrack */,
			);
		};
/* End PBXProject section */

/* Begin PBXResourcesBuildPhase section */
		040F06392C4EB2800065AF22 /* Resources */ = {
			isa = PBXResourcesBuildPhase;
			buildActionMask = 2147483647;
			files = (
				040F065D2C4EBFA40065AF22 /* Users.json in Resources */,
				040F06462C4EB2820065AF22 /* Preview Assets.xcassets in Resources */,
				040F06432C4EB2820065AF22 /* Assets.xcassets in Resources */,
			);
			runOnlyForDeploymentPostprocessing = 0;
		};
/* End PBXResourcesBuildPhase section */

/* Begin PBXSourcesBuildPhase section */
		040F06372C4EB2800065AF22 /* Sources */ = {
			isa = PBXSourcesBuildPhase;
			buildActionMask = 2147483647;
			files = (
				040F066D2C539AC50065AF22 /* FriendsView.swift in Sources */,
				040F065A2C4EB3AD0065AF22 /* Expense.swift in Sources */,
				040F066B2C539AB80065AF22 /* ExportExpenseView.swift in Sources */,
				040F06652C539A640065AF22 /* UserViewModel.swift in Sources */,
				040F06632C539A4F0065AF22 /* Category.swift in Sources */,
				040F06522C4EB3110065AF22 /* AddExpenseView.swift in Sources */,
				040F06672C539A710065AF22 /* CategoryViewModel.swift in Sources */,
				040F06692C539AA30065AF22 /* CategoryView.swift in Sources */,
				040F066F2C539ACE0065AF22 /* ProfileView.swift in Sources */,
				040F06502C4EB2EF0065AF22 /* HomeView.swift in Sources */,
				040F06412C4EB2800065AF22 /* ContentView.swift in Sources */,
				040F06582C4EB3980065AF22 /* ExpenseViewModel.swift in Sources */,
				040F06612C539A430065AF22 /* User.swift in Sources */,
				040F063F2C4EB2800065AF22 /* SplitNTrackApp.swift in Sources */,
				040F06542C4EB3200065AF22 /* ViewExpenseView.swift in Sources */,
				040F06562C4EB34E0065AF22 /* EditExpenseView.swift in Sources */,
			);
			runOnlyForDeploymentPostprocessing = 0;
		};
/* End PBXSourcesBuildPhase section */

/* Begin XCBuildConfiguration section */
		040F06472C4EB2820065AF22 /* Debug */ = {
			isa = XCBuildConfiguration;
			buildSettings = {
				ALWAYS_SEARCH_USER_PATHS = NO;
				ASSETCATALOG_COMPILER_GENERATE_SWIFT_ASSET_SYMBOL_EXTENSIONS = YES;
				CLANG_ANALYZER_NONNULL = YES;
				CLANG_ANALYZER_NUMBER_OBJECT_CONVERSION = YES_AGGRESSIVE;
				CLANG_CXX_LANGUAGE_STANDARD = "gnu++20";
				CLANG_ENABLE_MODULES = YES;
				CLANG_ENABLE_OBJC_ARC = YES;
				CLANG_ENABLE_OBJC_WEAK = YES;
				CLANG_WARN_BLOCK_CAPTURE_AUTORELEASING = YES;
				CLANG_WARN_BOOL_CONVERSION = YES;
				CLANG_WARN_COMMA = YES;
				CLANG_WARN_CONSTANT_CONVERSION = YES;
				CLANG_WARN_DEPRECATED_OBJC_IMPLEMENTATIONS = YES;
				CLANG_WARN_DIRECT_OBJC_ISA_USAGE = YES_ERROR;
				CLANG_WARN_DOCUMENTATION_COMMENTS = YES;
				CLANG_WARN_EMPTY_BODY = YES;
				CLANG_WARN_ENUM_CONVERSION = YES;
				CLANG_WARN_INFINITE_RECURSION = YES;
				CLANG_WARN_INT_CONVERSION = YES;
				CLANG_WARN_NON_LITERAL_NULL_CONVERSION = YES;
				CLANG_WARN_OBJC_IMPLICIT_RETAIN_SELF = YES;
				CLANG_WARN_OBJC_LITERAL_CONVERSION = YES;
				CLANG_WARN_OBJC_ROOT_CLASS = YES_ERROR;
				CLANG_WARN_QUOTED_INCLUDE_IN_FRAMEWORK_HEADER = YES;
				CLANG_WARN_RANGE_LOOP_ANALYSIS = YES;
				CLANG_WARN_STRICT_PROTOTYPES = YES;
				CLANG_WARN_SUSPICIOUS_MOVE = YES;
				CLANG_WARN_UNGUARDED_AVAILABILITY = YES_AGGRESSIVE;
				CLANG_WARN_UNREACHABLE_CODE = YES;
				CLANG_WARN__DUPLICATE_METHOD_MATCH = YES;
				COPY_PHASE_STRIP = NO;
				DEBUG_INFORMATION_FORMAT = dwarf;
				ENABLE_STRICT_OBJC_MSGSEND = YES;
				ENABLE_TESTABILITY = YES;
				ENABLE_USER_SCRIPT_SANDBOXING = YES;
				GCC_C_LANGUAGE_STANDARD = gnu17;
				GCC_DYNAMIC_NO_PIC = NO;
				GCC_NO_COMMON_BLOCKS = YES;
				GCC_OPTIMIZATION_LEVEL = 0;
				GCC_PREPROCESSOR_DEFINITIONS = (
					"DEBUG=1",
					"$(inherited)",
				);
				GCC_WARN_64_TO_32_BIT_CONVERSION = YES;
				GCC_WARN_ABOUT_RETURN_TYPE = YES_ERROR;
				GCC_WARN_UNDECLARED_SELECTOR = YES;
				GCC_WARN_UNINITIALIZED_AUTOS = YES_AGGRESSIVE;
				GCC_WARN_UNUSED_FUNCTION = YES;
				GCC_WARN_UNUSED_VARIABLE = YES;
				IPHONEOS_DEPLOYMENT_TARGET = 17.5;
				LOCALIZATION_PREFERS_STRING_CATALOGS = YES;
				MTL_ENABLE_DEBUG_INFO = INCLUDE_SOURCE;
				MTL_FAST_MATH = YES;
				ONLY_ACTIVE_ARCH = YES;
				SDKROOT = iphoneos;
				SWIFT_ACTIVE_COMPILATION_CONDITIONS = "DEBUG $(inherited)";
				SWIFT_OPTIMIZATION_LEVEL = "-Onone";
			};
			name = Debug;
		};
		040F06482C4EB2820065AF22 /* Release */ = {
			isa = XCBuildConfiguration;
			buildSettings = {
				ALWAYS_SEARCH_USER_PATHS = NO;
				ASSETCATALOG_COMPILER_GENERATE_SWIFT_ASSET_SYMBOL_EXTENSIONS = YES;
				CLANG_ANALYZER_NONNULL = YES;
				CLANG_ANALYZER_NUMBER_OBJECT_CONVERSION = YES_AGGRESSIVE;
				CLANG_CXX_LANGUAGE_STANDARD = "gnu++20";
				CLANG_ENABLE_MODULES = YES;
				CLANG_ENABLE_OBJC_ARC = YES;
				CLANG_ENABLE_OBJC_WEAK = YES;
				CLANG_WARN_BLOCK_CAPTURE_AUTORELEASING = YES;
				CLANG_WARN_BOOL_CONVERSION = YES;
				CLANG_WARN_COMMA = YES;
				CLANG_WARN_CONSTANT_CONVERSION = YES;
				CLANG_WARN_DEPRECATED_OBJC_IMPLEMENTATIONS = YES;
				CLANG_WARN_DIRECT_OBJC_ISA_USAGE = YES_ERROR;
				CLANG_WARN_DOCUMENTATION_COMMENTS = YES;
				CLANG_WARN_EMPTY_BODY = YES;
				CLANG_WARN_ENUM_CONVERSION = YES;
				CLANG_WARN_INFINITE_RECURSION = YES;
				CLANG_WARN_INT_CONVERSION = YES;
				CLANG_WARN_NON_LITERAL_NULL_CONVERSION = YES;
				CLANG_WARN_OBJC_IMPLICIT_RETAIN_SELF = YES;
				CLANG_WARN_OBJC_LITERAL_CONVERSION = YES;
				CLANG_WARN_OBJC_ROOT_CLASS = YES_ERROR;
				CLANG_WARN_QUOTED_INCLUDE_IN_FRAMEWORK_HEADER = YES;
				CLANG_WARN_RANGE_LOOP_ANALYSIS = YES;
				CLANG_WARN_STRICT_PROTOTYPES = YES;
				CLANG_WARN_SUSPICIOUS_MOVE = YES;
				CLANG_WARN_UNGUARDED_AVAILABILITY = YES_AGGRESSIVE;
				CLANG_WARN_UNREACHABLE_CODE = YES;
				CLANG_WARN__DUPLICATE_METHOD_MATCH = YES;
				COPY_PHASE_STRIP = NO;
				DEBUG_INFORMATION_FORMAT = "dwarf-with-dsym";
				ENABLE_NS_ASSERTIONS = NO;
				ENABLE_STRICT_OBJC_MSGSEND = YES;
				ENABLE_USER_SCRIPT_SANDBOXING = YES;
				GCC_C_LANGUAGE_STANDARD = gnu17;
				GCC_NO_COMMON_BLOCKS = YES;
				GCC_WARN_64_TO_32_BIT_CONVERSION = YES;
				GCC_WARN_ABOUT_RETURN_TYPE = YES_ERROR;
				GCC_WARN_UNDECLARED_SELECTOR = YES;
				GCC_WARN_UNINITIALIZED_AUTOS = YES_AGGRESSIVE;
				GCC_WARN_UNUSED_FUNCTION = YES;
				GCC_WARN_UNUSED_VARIABLE = YES;
				IPHONEOS_DEPLOYMENT_TARGET = 17.5;
				LOCALIZATION_PREFERS_STRING_CATALOGS = YES;
				MTL_ENABLE_DEBUG_INFO = NO;
				MTL_FAST_MATH = YES;
				SDKROOT = iphoneos;
				SWIFT_COMPILATION_MODE = wholemodule;
				VALIDATE_PRODUCT = YES;
			};
			name = Release;
		};
		040F064A2C4EB2820065AF22 /* Debug */ = {
			isa = XCBuildConfiguration;
			buildSettings = {
				ASSETCATALOG_COMPILER_APPICON_NAME = AppIcon;
				ASSETCATALOG_COMPILER_GLOBAL_ACCENT_COLOR_NAME = AccentColor;
				CODE_SIGN_STYLE = Automatic;
				CURRENT_PROJECT_VERSION = 1;
				DEVELOPMENT_ASSET_PATHS = "\"SplitNTrack/Preview Content\"";
				ENABLE_PREVIEWS = YES;
				GENERATE_INFOPLIST_FILE = YES;
				INFOPLIST_KEY_UIApplicationSceneManifest_Generation = YES;
				INFOPLIST_KEY_UIApplicationSupportsIndirectInputEvents = YES;
				INFOPLIST_KEY_UILaunchScreen_Generation = YES;
				INFOPLIST_KEY_UISupportedInterfaceOrientations_iPad = "UIInterfaceOrientationPortrait UIInterfaceOrientationPortraitUpsideDown UIInterfaceOrientationLandscapeLeft UIInterfaceOrientationLandscapeRight";
				INFOPLIST_KEY_UISupportedInterfaceOrientations_iPhone = "UIInterfaceOrientationPortrait UIInterfaceOrientationLandscapeLeft UIInterfaceOrientationLandscapeRight";
				LD_RUNPATH_SEARCH_PATHS = (
					"$(inherited)",
					"@executable_path/Frameworks",
				);
				MARKETING_VERSION = 1.0;
				PRODUCT_BUNDLE_IDENTIFIER = com.ErrorGOD.SplitNTrack;
				PRODUCT_NAME = "$(TARGET_NAME)";
				SWIFT_EMIT_LOC_STRINGS = YES;
				SWIFT_VERSION = 5.0;
				TARGETED_DEVICE_FAMILY = "1,2";
			};
			name = Debug;
		};
		040F064B2C4EB2820065AF22 /* Release */ = {
			isa = XCBuildConfiguration;
			buildSettings = {
				ASSETCATALOG_COMPILER_APPICON_NAME = AppIcon;
				ASSETCATALOG_COMPILER_GLOBAL_ACCENT_COLOR_NAME = AccentColor;
				CODE_SIGN_STYLE = Automatic;
				CURRENT_PROJECT_VERSION = 1;
				DEVELOPMENT_ASSET_PATHS = "\"SplitNTrack/Preview Content\"";
				ENABLE_PREVIEWS = YES;
				GENERATE_INFOPLIST_FILE = YES;
				INFOPLIST_KEY_UIApplicationSceneManifest_Generation = YES;
				INFOPLIST_KEY_UIApplicationSupportsIndirectInputEvents = YES;
				INFOPLIST_KEY_UILaunchScreen_Generation = YES;
				INFOPLIST_KEY_UISupportedInterfaceOrientations_iPad = "UIInterfaceOrientationPortrait UIInterfaceOrientationPortraitUpsideDown UIInterfaceOrientationLandscapeLeft UIInterfaceOrientationLandscapeRight";
				INFOPLIST_KEY_UISupportedInterfaceOrientations_iPhone = "UIInterfaceOrientationPortrait UIInterfaceOrientationLandscapeLeft UIInterfaceOrientationLandscapeRight";
				LD_RUNPATH_SEARCH_PATHS = (
					"$(inherited)",
					"@executable_path/Frameworks",
				);
				MARKETING_VERSION = 1.0;
				PRODUCT_BUNDLE_IDENTIFIER = com.ErrorGOD.SplitNTrack;
				PRODUCT_NAME = "$(TARGET_NAME)";
				SWIFT_EMIT_LOC_STRINGS = YES;
				SWIFT_VERSION = 5.0;
				TARGETED_DEVICE_FAMILY = "1,2";
			};
			name = Release;
		};
/* End XCBuildConfiguration section */

/* Begin XCConfigurationList section */
		040F06362C4EB2800065AF22 /* Build configuration list for PBXProject "SplitNTrack" */ = {
			isa = XCConfigurationList;
			buildConfigurations = (
				040F06472C4EB2820065AF22 /* Debug */,
				040F06482C4EB2820065AF22 /* Release */,
			);
			defaultConfigurationIsVisible = 0;
			defaultConfigurationName = Release;
		};
		040F06492C4EB2820065AF22 /* Build configuration list for PBXNativeTarget "SplitNTrack" */ = {
			isa = XCConfigurationList;
			buildConfigurations = (
				040F064A2C4EB2820065AF22 /* Debug */,
				040F064B2C4EB2820065AF22 /* Release */,
			);
			defaultConfigurationIsVisible = 0;
			defaultConfigurationName = Release;
		};
/* End XCConfigurationList section */
	};
	rootObject = 040F06332C4EB2800065AF22 /* Project object */;
}
